
Microsoft Visual Studio Solution File, Format Version 12.00
# Visual Studio Version 17
VisualStudioVersion = 17.9.34622.214
MinimumVisualStudioVersion = 10.0.40219.1
Project("{FAE04EC0-301F-11D3-BF4B-00C04F79EFBC}") = "ProyectoBD3", "ProyectoBD3.csproj", "{3343DBBE-F595-4FC8-A859-E4261BCFD5BD}"
EndProject
Project("{FAE04EC0-301F-11D3-BF4B-00C04F79EFBC}") = "LogicaDeNegocios", "..\LogicaDeNegocios\LogicaDeNegocios.csproj", "{FA4675A0-26FE-4BE6-84F9-A9A2540EE51A}"
EndProject
Project("{FAE04EC0-301F-11D3-BF4B-00C04F79EFBC}") = "Datos", "..\Datos\Datos.csproj", "{3A85D9A3-C16E-4CC2-8CD7-785A8911DC18}"
EndProject
Global
	GlobalSection(SolutionConfigurationPlatforms) = preSolution
		Debug|Any CPU = Debug|Any CPU
		Release|Any CPU = Release|Any CPU
	EndGlobalSection
	GlobalSection(ProjectConfigurationPlatforms) = postSolution
		{3343DBBE-F595-4FC8-A859-E4261BCFD5BD}.Debug|Any CPU.ActiveCfg = Debug|Any CPU
		{3343DBBE-F595-4FC8-A859-E4261BCFD5BD}.Debug|Any CPU.Build.0 = Debug|Any CPU
		{3343DBBE-F595-4FC8-A859-E4261BCFD5BD}.Release|Any CPU.ActiveCfg = Release|Any CPU
		{3343DBBE-F595-4FC8-A859-E4261BCFD5BD}.Release|Any CPU.Build.0 = Release|Any CPU
		{FA4675A0-26FE-4BE6-84F9-A9A2540EE51A}.Debug|Any CPU.ActiveCfg = Debug|Any CPU
		{FA4675A0-26FE-4BE6-84F9-A9A2540EE51A}.Debug|Any CPU.Build.0 = Debug|Any CPU
		{FA4675A0-26FE-4BE6-84F9-A9A2540EE51A}.Release|Any CPU.ActiveCfg = Release|Any CPU
		{FA4675A0-26FE-4BE6-84F9-A9A2540EE51A}.Release|Any CPU.Build.0 = Release|Any CPU
		{3A85D9A3-C16E-4CC2-8CD7-785A8911DC18}.Debug|Any CPU.ActiveCfg = Debug|Any CPU
		{3A85D9A3-C16E-4CC2-8CD7-785A8911DC18}.Debug|Any CPU.Build.0 = Debug|Any CPU
		{3A85D9A3-C16E-4CC2-8CD7-785A8911DC18}.Release|Any CPU.ActiveCfg = Release|Any CPU
		{3A85D9A3-C16E-4CC2-8CD7-785A8911DC18}.Release|Any CPU.Build.0 = Release|Any CPU
	EndGlobalSection
	GlobalSection(SolutionProperties) = preSolution
		HideSolutionNode = FALSE
	EndGlobalSection
	GlobalSection(ExtensibilityGlobals) = postSolution
		SolutionGuid = {641A59B2-2F3F-4AC5-A5CD-4D1FD3AD0D5B}
	EndGlobalSection
EndGlobal
